
Microsoft Visual Studio Solution File, Format Version 12.00
# Visual Studio Version 17
VisualStudioVersion = 17.14.36811.4 d17.14
MinimumVisualStudioVersion = 10.0.40219.1
Project("{FAE04EC0-301F-11D3-BF4B-00C04F79EFBC}") = "dem", "dem.csproj", "{20AC9040-BD8C-46FD-A2CC-7391E8D0B709}"
EndProject
Global
	GlobalSection(SolutionConfigurationPlatforms) = preSolution
		Debug|Any CPU = Debug|Any CPU
		Release|Any CPU = Release|Any CPU
	EndGlobalSection
	GlobalSection(ProjectConfigurationPlatforms) = postSolution
		{20AC9040-BD8C-46FD-A2CC-7391E8D0B709}.Debug|Any CPU.ActiveCfg = Debug|Any CPU
		{20AC9040-BD8C-46FD-A2CC-7391E8D0B709}.Debug|Any CPU.Build.0 = Debug|Any CPU
		{20AC9040-BD8C-46FD-A2CC-7391E8D0B709}.Release|Any CPU.ActiveCfg = Release|Any CPU
		{20AC9040-BD8C-46FD-A2CC-7391E8D0B709}.Release|Any CPU.Build.0 = Release|Any CPU
	EndGlobalSection
	GlobalSection(SolutionProperties) = preSolution
		HideSolutionNode = FALSE
	EndGlobalSection
	GlobalSection(ExtensibilityGlobals) = postSolution
		SolutionGuid = {B6A041E0-3B48-4846-A88A-DB6A8D42B8F9}
	EndGlobalSection
EndGlobal
